
Microsoft Visual Studio Solution File, Format Version 12.00
# Visual Studio Version 17
VisualStudioVersion = 17.9.34622.214
MinimumVisualStudioVersion = 10.0.40219.1
Project("{FAE04EC0-301F-11D3-BF4B-00C04F79EFBC}") = "TradingBotWebApp.Server", "TradingBotWebApp.Server\TradingBotWebApp.Server.csproj", "{29565D57-D77D-4DD7-80C7-22C1FDB08BFE}"
EndProject
Project("{54A90642-561A-4BB1-A94E-469ADEE60C69}") = "tradingbotwebapp.client", "tradingbotwebapp.client\tradingbotwebapp.client.esproj", "{47099800-561C-4094-AA61-0BD8183C3A9D}"
EndProject
Global
	GlobalSection(SolutionConfigurationPlatforms) = preSolution
		Debug|Any CPU = Debug|Any CPU
		Release|Any CPU = Release|Any CPU
	EndGlobalSection
	GlobalSection(ProjectConfigurationPlatforms) = postSolution
		{29565D57-D77D-4DD7-80C7-22C1FDB08BFE}.Debug|Any CPU.ActiveCfg = Debug|Any CPU
		{29565D57-D77D-4DD7-80C7-22C1FDB08BFE}.Debug|Any CPU.Build.0 = Debug|Any CPU
		{29565D57-D77D-4DD7-80C7-22C1FDB08BFE}.Release|Any CPU.ActiveCfg = Release|Any CPU
		{29565D57-D77D-4DD7-80C7-22C1FDB08BFE}.Release|Any CPU.Build.0 = Release|Any CPU
		{47099800-561C-4094-AA61-0BD8183C3A9D}.Debug|Any CPU.ActiveCfg = Debug|Any CPU
		{47099800-561C-4094-AA61-0BD8183C3A9D}.Debug|Any CPU.Build.0 = Debug|Any CPU
		{47099800-561C-4094-AA61-0BD8183C3A9D}.Debug|Any CPU.Deploy.0 = Debug|Any CPU
		{47099800-561C-4094-AA61-0BD8183C3A9D}.Release|Any CPU.ActiveCfg = Release|Any CPU
		{47099800-561C-4094-AA61-0BD8183C3A9D}.Release|Any CPU.Build.0 = Release|Any CPU
		{47099800-561C-4094-AA61-0BD8183C3A9D}.Release|Any CPU.Deploy.0 = Release|Any CPU
	EndGlobalSection
	GlobalSection(SolutionProperties) = preSolution
		HideSolutionNode = FALSE
	EndGlobalSection
	GlobalSection(ExtensibilityGlobals) = postSolution
		SolutionGuid = {099F4550-7CE9-4C70-A0A4-3741C161CD45}
	EndGlobalSection
EndGlobal
